// !$*UTF8*$!
{
	archiveVersion = 1;
	classes = {
	};
	objectVersion = 50;
	objects = {

/* Begin PBXBuildFile section */
		4182D6AA238AE6AF00C45A45 /* AppDelegate.swift in Sources */ = {isa = PBXBuildFile; fileRef = 4182D6A9238AE6AF00C45A45 /* AppDelegate.swift */; };
		4182D6AC238AE6AF00C45A45 /* SceneDelegate.swift in Sources */ = {isa = PBXBuildFile; fileRef = 4182D6AB238AE6AF00C45A45 /* SceneDelegate.swift */; };
		4182D6AE238AE6AF00C45A45 /* ViewController.swift in Sources */ = {isa = PBXBuildFile; fileRef = 4182D6AD238AE6AF00C45A45 /* ViewController.swift */; };
		4182D6B1238AE6AF00C45A45 /* Main.storyboard in Resources */ = {isa = PBXBuildFile; fileRef = 4182D6AF238AE6AF00C45A45 /* Main.storyboard */; };
		4182D6B4238AE6AF00C45A45 /* OTB.xcdatamodeld in Sources */ = {isa = PBXBuildFile; fileRef = 4182D6B2238AE6AF00C45A45 /* OTB.xcdatamodeld */; };
		4182D6B6238AE6B100C45A45 /* Assets.xcassets in Resources */ = {isa = PBXBuildFile; fileRef = 4182D6B5238AE6B100C45A45 /* Assets.xcassets */; };
		4182D6B9238AE6B100C45A45 /* LaunchScreen.storyboard in Resources */ = {isa = PBXBuildFile; fileRef = 4182D6B7238AE6B100C45A45 /* LaunchScreen.storyboard */; };
		4182D6C4238AE6B100C45A45 /* OTBTests.swift in Sources */ = {isa = PBXBuildFile; fileRef = 4182D6C3238AE6B100C45A45 /* OTBTests.swift */; };
		4182D6CF238AE6B100C45A45 /* OTBUITests.swift in Sources */ = {isa = PBXBuildFile; fileRef = 4182D6CE238AE6B100C45A45 /* OTBUITests.swift */; };
		41A69BF52398B6030091F811 /* Data.swift in Sources */ = {isa = PBXBuildFile; fileRef = 41A69BF42398B6030091F811 /* Data.swift */; };
		41F9E19B238B20B400A687DE /* DatePickerController.swift in Sources */ = {isa = PBXBuildFile; fileRef = 41F9E19A238B20B400A687DE /* DatePickerController.swift */; };
/* End PBXBuildFile section */

/* Begin PBXContainerItemProxy section */
		4182D6C0238AE6B100C45A45 /* PBXContainerItemProxy */ = {
			isa = PBXContainerItemProxy;
			containerPortal = 4182D69E238AE6AE00C45A45 /* Project object */;
			proxyType = 1;
			remoteGlobalIDString = 4182D6A5238AE6AE00C45A45;
			remoteInfo = OTB;
		};
		4182D6CB238AE6B100C45A45 /* PBXContainerItemProxy */ = {
			isa = PBXContainerItemProxy;
			containerPortal = 4182D69E238AE6AE00C45A45 /* Project object */;
			proxyType = 1;
			remoteGlobalIDString = 4182D6A5238AE6AE00C45A45;
			remoteInfo = OTB;
		};
/* End PBXContainerItemProxy section */

/* Begin PBXFileReference section */
		4182D6A6238AE6AE00C45A45 /* O T B.app */ = {isa = PBXFileReference; explicitFileType = wrapper.application; includeInIndex = 0; path = "O T B.app"; sourceTree = BUILT_PRODUCTS_DIR; };
		4182D6A9238AE6AF00C45A45 /* AppDelegate.swift */ = {isa = PBXFileReference; lastKnownFileType = sourcecode.swift; path = AppDelegate.swift; sourceTree = "<group>"; };
		4182D6AB238AE6AF00C45A45 /* SceneDelegate.swift */ = {isa = PBXFileReference; lastKnownFileType = sourcecode.swift; path = SceneDelegate.swift; sourceTree = "<group>"; };
		4182D6AD238AE6AF00C45A45 /* ViewController.swift */ = {isa = PBXFileReference; lastKnownFileType = sourcecode.swift; path = ViewController.swift; sourceTree = "<group>"; };
		4182D6B0238AE6AF00C45A45 /* Base */ = {isa = PBXFileReference; lastKnownFileType = file.storyboard; name = Base; path = Base.lproj/Main.storyboard; sourceTree = "<group>"; };
		4182D6B3238AE6AF00C45A45 /* OTB.xcdatamodel */ = {isa = PBXFileReference; lastKnownFileType = wrapper.xcdatamodel; path = OTB.xcdatamodel; sourceTree = "<group>"; };
		4182D6B5238AE6B100C45A45 /* Assets.xcassets */ = {isa = PBXFileReference; lastKnownFileType = folder.assetcatalog; path = Assets.xcassets; sourceTree = "<group>"; };
		4182D6B8238AE6B100C45A45 /* Base */ = {isa = PBXFileReference; lastKnownFileType = file.storyboard; name = Base; path = Base.lproj/LaunchScreen.storyboard; sourceTree = "<group>"; };
		4182D6BA238AE6B100C45A45 /* Info.plist */ = {isa = PBXFileReference; lastKnownFileType = text.plist.xml; path = Info.plist; sourceTree = "<group>"; };
		4182D6BF238AE6B100C45A45 /* OTBTests.xctest */ = {isa = PBXFileReference; explicitFileType = wrapper.cfbundle; includeInIndex = 0; path = OTBTests.xctest; sourceTree = BUILT_PRODUCTS_DIR; };
		4182D6C3238AE6B100C45A45 /* OTBTests.swift */ = {isa = PBXFileReference; lastKnownFileType = sourcecode.swift; path = OTBTests.swift; sourceTree = "<group>"; };
		4182D6C5238AE6B100C45A45 /* Info.plist */ = {isa = PBXFileReference; lastKnownFileType = text.plist.xml; path = Info.plist; sourceTree = "<group>"; };
		4182D6CA238AE6B100C45A45 /* OTBUITests.xctest */ = {isa = PBXFileReference; explicitFileType = wrapper.cfbundle; includeInIndex = 0; path = OTBUITests.xctest; sourceTree = BUILT_PRODUCTS_DIR; };
		4182D6CE238AE6B100C45A45 /* OTBUITests.swift */ = {isa = PBXFileReference; lastKnownFileType = sourcecode.swift; path = OTBUITests.swift; sourceTree = "<group>"; };
		4182D6D0238AE6B100C45A45 /* Info.plist */ = {isa = PBXFileReference; lastKnownFileType = text.plist.xml; path = Info.plist; sourceTree = "<group>"; };
		41A69BF42398B6030091F811 /* Data.swift */ = {isa = PBXFileReference; lastKnownFileType = sourcecode.swift; path = Data.swift; sourceTree = "<group>"; };
		41A69BF6239AB7DB0091F811 /* O T B.entitlements */ = {isa = PBXFileReference; lastKnownFileType = text.plist.entitlements; path = "O T B.entitlements"; sourceTree = "<group>"; };
		41F9E19A238B20B400A687DE /* DatePickerController.swift */ = {isa = PBXFileReference; lastKnownFileType = sourcecode.swift; path = DatePickerController.swift; sourceTree = "<group>"; };
/* End PBXFileReference section */

/* Begin PBXFrameworksBuildPhase section */
		4182D6A3238AE6AE00C45A45 /* Frameworks */ = {
			isa = PBXFrameworksBuildPhase;
			buildActionMask = 2147483647;
			files = (
			);
			runOnlyForDeploymentPostprocessing = 0;
		};
		4182D6BC238AE6B100C45A45 /* Frameworks */ = {
			isa = PBXFrameworksBuildPhase;
			buildActionMask = 2147483647;
			files = (
			);
			runOnlyForDeploymentPostprocessing = 0;
		};
		4182D6C7238AE6B100C45A45 /* Frameworks */ = {
			isa = PBXFrameworksBuildPhase;
			buildActionMask = 2147483647;
			files = (
			);
			runOnlyForDeploymentPostprocessing = 0;
		};
/* End PBXFrameworksBuildPhase section */

/* Begin PBXGroup section */
		4182D69D238AE6AE00C45A45 = {
			isa = PBXGroup;
			children = (
				4182D6A8238AE6AE00C45A45 /* OTB */,
				4182D6C2238AE6B100C45A45 /* OTBTests */,
				4182D6CD238AE6B100C45A45 /* OTBUITests */,
				4182D6A7238AE6AE00C45A45 /* Products */,
			);
			sourceTree = "<group>";
		};
		4182D6A7238AE6AE00C45A45 /* Products */ = {
			isa = PBXGroup;
			children = (
				4182D6A6238AE6AE00C45A45 /* O T B.app */,
				4182D6BF238AE6B100C45A45 /* OTBTests.xctest */,
				4182D6CA238AE6B100C45A45 /* OTBUITests.xctest */,
			);
			name = Products;
			sourceTree = "<group>";
		};
		4182D6A8238AE6AE00C45A45 /* OTB */ = {
			isa = PBXGroup;
			children = (
				41A69BF6239AB7DB0091F811 /* O T B.entitlements */,
				4182D6A9238AE6AF00C45A45 /* AppDelegate.swift */,
				4182D6AB238AE6AF00C45A45 /* SceneDelegate.swift */,
				4182D6AD238AE6AF00C45A45 /* ViewController.swift */,
				41F9E19A238B20B400A687DE /* DatePickerController.swift */,
				4182D6AF238AE6AF00C45A45 /* Main.storyboard */,
				4182D6B5238AE6B100C45A45 /* Assets.xcassets */,
				4182D6B7238AE6B100C45A45 /* LaunchScreen.storyboard */,
				4182D6BA238AE6B100C45A45 /* Info.plist */,
				4182D6B2238AE6AF00C45A45 /* OTB.xcdatamodeld */,
				41A69BF42398B6030091F811 /* Data.swift */,
			);
			path = OTB;
			sourceTree = "<group>";
		};
		4182D6C2238AE6B100C45A45 /* OTBTests */ = {
			isa = PBXGroup;
			children = (
				4182D6C3238AE6B100C45A45 /* OTBTests.swift */,
				4182D6C5238AE6B100C45A45 /* Info.plist */,
			);
			path = OTBTests;
			sourceTree = "<group>";
		};
		4182D6CD238AE6B100C45A45 /* OTBUITests */ = {
			isa = PBXGroup;
			children = (
				4182D6CE238AE6B100C45A45 /* OTBUITests.swift */,
				4182D6D0238AE6B100C45A45 /* Info.plist */,
			);
			path = OTBUITests;
			sourceTree = "<group>";
		};
/* End PBXGroup section */

/* Begin PBXNativeTarget section */
		4182D6A5238AE6AE00C45A45 /* OTB */ = {
			isa = PBXNativeTarget;
			buildConfigurationList = 4182D6D3238AE6B100C45A45 /* Build configuration list for PBXNativeTarget "OTB" */;
			buildPhases = (
				4182D6A2238AE6AE00C45A45 /* Sources */,
				4182D6A3238AE6AE00C45A45 /* Frameworks */,
				4182D6A4238AE6AE00C45A45 /* Resources */,
			);
			buildRules = (
			);
			dependencies = (
			);
			name = OTB;
			productName = OTB;
			productReference = 4182D6A6238AE6AE00C45A45 /* O T B.app */;
			productType = "com.apple.product-type.application";
		};
		4182D6BE238AE6B100C45A45 /* OTBTests */ = {
			isa = PBXNativeTarget;
			buildConfigurationList = 4182D6D6238AE6B100C45A45 /* Build configuration list for PBXNativeTarget "OTBTests" */;
			buildPhases = (
				4182D6BB238AE6B100C45A45 /* Sources */,
				4182D6BC238AE6B100C45A45 /* Frameworks */,
				4182D6BD238AE6B100C45A45 /* Resources */,
			);
			buildRules = (
			);
			dependencies = (
				4182D6C1238AE6B100C45A45 /* PBXTargetDependency */,
			);
			name = OTBTests;
			productName = OTBTests;
			productReference = 4182D6BF238AE6B100C45A45 /* OTBTests.xctest */;
			productType = "com.apple.product-type.bundle.unit-test";
		};
		4182D6C9238AE6B100C45A45 /* OTBUITests */ = {
			isa = PBXNativeTarget;
			buildConfigurationList = 4182D6D9238AE6B100C45A45 /* Build configuration list for PBXNativeTarget "OTBUITests" */;
			buildPhases = (
				4182D6C6238AE6B100C45A45 /* Sources */,
				4182D6C7238AE6B100C45A45 /* Frameworks */,
				4182D6C8238AE6B100C45A45 /* Resources */,
			);
			buildRules = (
			);
			dependencies = (
				4182D6CC238AE6B100C45A45 /* PBXTargetDependency */,
			);
			name = OTBUITests;
			productName = OTBUITests;
			productReference = 4182D6CA238AE6B100C45A45 /* OTBUITests.xctest */;
			productType = "com.apple.product-type.bundle.ui-testing";
		};
/* End PBXNativeTarget section */

/* Begin PBXProject section */
		4182D69E238AE6AE00C45A45 /* Project object */ = {
			isa = PBXProject;
			attributes = {
				LastSwiftUpdateCheck = 1120;
				LastUpgradeCheck = 1120;
				ORGANIZATIONNAME = "Bolddev team";
				TargetAttributes = {
					4182D6A5238AE6AE00C45A45 = {
						CreatedOnToolsVersion = 11.2.1;
					};
					4182D6BE238AE6B100C45A45 = {
						CreatedOnToolsVersion = 11.2.1;
						TestTargetID = 4182D6A5238AE6AE00C45A45;
					};
					4182D6C9238AE6B100C45A45 = {
						CreatedOnToolsVersion = 11.2.1;
						TestTargetID = 4182D6A5238AE6AE00C45A45;
					};
				};
			};
			buildConfigurationList = 4182D6A1238AE6AE00C45A45 /* Build configuration list for PBXProject "OTB" */;
			compatibilityVersion = "Xcode 9.3";
			developmentRegion = en;
			hasScannedForEncodings = 0;
			knownRegions = (
				en,
				Base,
			);
			mainGroup = 4182D69D238AE6AE00C45A45;
			productRefGroup = 4182D6A7238AE6AE00C45A45 /* Products */;
			projectDirPath = "";
			projectRoot = "";
			targets = (
				4182D6A5238AE6AE00C45A45 /* OTB */,
				4182D6BE238AE6B100C45A45 /* OTBTests */,
				4182D6C9238AE6B100C45A45 /* OTBUITests */,
			);
		};
/* End PBXProject section */

/* Begin PBXResourcesBuildPhase section */
		4182D6A4238AE6AE00C45A45 /* Resources */ = {
			isa = PBXResourcesBuildPhase;
			buildActionMask = 2147483647;
			files = (
				4182D6B9238AE6B100C45A45 /* LaunchScreen.storyboard in Resources */,
				4182D6B6238AE6B100C45A45 /* Assets.xcassets in Resources */,
				4182D6B1238AE6AF00C45A45 /* Main.storyboard in Resources */,
			);
			runOnlyForDeploymentPostprocessing = 0;
		};
		4182D6BD238AE6B100C45A45 /* Resources */ = {
			isa = PBXResourcesBuildPhase;
			buildActionMask = 2147483647;
			files = (
			);
			runOnlyForDeploymentPostprocessing = 0;
		};
		4182D6C8238AE6B100C45A45 /* Resources */ = {
			isa = PBXResourcesBuildPhase;
			buildActionMask = 2147483647;
			files = (
			);
			runOnlyForDeploymentPostprocessing = 0;
		};
/* End PBXResourcesBuildPhase section */

/* Begin PBXSourcesBuildPhase section */
		4182D6A2238AE6AE00C45A45 /* Sources */ = {
			isa = PBXSourcesBuildPhase;
			buildActionMask = 2147483647;
			files = (
				4182D6AE238AE6AF00C45A45 /* ViewController.swift in Sources */,
				41A69BF52398B6030091F811 /* Data.swift in Sources */,
				4182D6B4238AE6AF00C45A45 /* OTB.xcdatamodeld in Sources */,
				4182D6AA238AE6AF00C45A45 /* AppDelegate.swift in Sources */,
				41F9E19B238B20B400A687DE /* DatePickerController.swift in Sources */,
				4182D6AC238AE6AF00C45A45 /* SceneDelegate.swift in Sources */,
			);
			runOnlyForDeploymentPostprocessing = 0;
		};
		4182D6BB238AE6B100C45A45 /* Sources */ = {
			isa = PBXSourcesBuildPhase;
			buildActionMask = 2147483647;
			files = (
				4182D6C4238AE6B100C45A45 /* OTBTests.swift in Sources */,
			);
			runOnlyForDeploymentPostprocessing = 0;
		};
		4182D6C6238AE6B100C45A45 /* Sources */ = {
			isa = PBXSourcesBuildPhase;
			buildActionMask = 2147483647;
			files = (
				4182D6CF238AE6B100C45A45 /* OTBUITests.swift in Sources */,
			);
			runOnlyForDeploymentPostprocessing = 0;
		};
/* End PBXSourcesBuildPhase section */

/* Begin PBXTargetDependency section */
		4182D6C1238AE6B100C45A45 /* PBXTargetDependency */ = {
			isa = PBXTargetDependency;
			target = 4182D6A5238AE6AE00C45A45 /* OTB */;
			targetProxy = 4182D6C0238AE6B100C45A45 /* PBXContainerItemProxy */;
		};
		4182D6CC238AE6B100C45A45 /* PBXTargetDependency */ = {
			isa = PBXTargetDependency;
			target = 4182D6A5238AE6AE00C45A45 /* OTB */;
			targetProxy = 4182D6CB238AE6B100C45A45 /* PBXContainerItemProxy */;
		};
/* End PBXTargetDependency section */

/* Begin PBXVariantGroup section */
		4182D6AF238AE6AF00C45A45 /* Main.storyboard */ = {
			isa = PBXVariantGroup;
			children = (
				4182D6B0238AE6AF00C45A45 /* Base */,
			);
			name = Main.storyboard;
			sourceTree = "<group>";
		};
		4182D6B7238AE6B100C45A45 /* LaunchScreen.storyboard */ = {
			isa = PBXVariantGroup;
			children = (
				4182D6B8238AE6B100C45A45 /* Base */,
			);
			name = LaunchScreen.storyboard;
			sourceTree = "<group>";
		};
/* End PBXVariantGroup section */

/* Begin XCBuildConfiguration section */
		4182D6D1238AE6B100C45A45 /* Debug */ = {
			isa = XCBuildConfiguration;
			buildSettings = {
				ALWAYS_SEARCH_USER_PATHS = NO;
				CLANG_ANALYZER_NONNULL = YES;
				CLANG_ANALYZER_NUMBER_OBJECT_CONVERSION = YES_AGGRESSIVE;
				CLANG_CXX_LANGUAGE_STANDARD = "gnu++14";
				CLANG_CXX_LIBRARY = "libc++";
				CLANG_ENABLE_MODULES = YES;
				CLANG_ENABLE_OBJC_ARC = YES;
				CLANG_ENABLE_OBJC_WEAK = YES;
				CLANG_WARN_BLOCK_CAPTURE_AUTORELEASING = YES;
				CLANG_WARN_BOOL_CONVERSION = YES;
				CLANG_WARN_COMMA = YES;
				CLANG_WARN_CONSTANT_CONVERSION = YES;
				CLANG_WARN_DEPRECATED_OBJC_IMPLEMENTATIONS = YES;
				CLANG_WARN_DIRECT_OBJC_ISA_USAGE = YES_ERROR;
				CLANG_WARN_DOCUMENTATION_COMMENTS = YES;
				CLANG_WARN_EMPTY_BODY = YES;
				CLANG_WARN_ENUM_CONVERSION = YES;
				CLANG_WARN_INFINITE_RECURSION = YES;
				CLANG_WARN_INT_CONVERSION = YES;
				CLANG_WARN_NON_LITERAL_NULL_CONVERSION = YES;
				CLANG_WARN_OBJC_IMPLICIT_RETAIN_SELF = YES;
				CLANG_WARN_OBJC_LITERAL_CONVERSION = YES;
				CLANG_WARN_OBJC_ROOT_CLASS = YES_ERROR;
				CLANG_WARN_RANGE_LOOP_ANALYSIS = YES;
				CLANG_WARN_STRICT_PROTOTYPES = YES;
				CLANG_WARN_SUSPICIOUS_MOVE = YES;
				CLANG_WARN_UNGUARDED_AVAILABILITY = YES_AGGRESSIVE;
				CLANG_WARN_UNREACHABLE_CODE = YES;
				CLANG_WARN__DUPLICATE_METHOD_MATCH = YES;
				COPY_PHASE_STRIP = NO;
				DEBUG_INFORMATION_FORMAT = dwarf;
				ENABLE_STRICT_OBJC_MSGSEND = YES;
				ENABLE_TESTABILITY = YES;
				GCC_C_LANGUAGE_STANDARD = gnu11;
				GCC_DYNAMIC_NO_PIC = NO;
				GCC_NO_COMMON_BLOCKS = YES;
				GCC_OPTIMIZATION_LEVEL = 0;
				GCC_PREPROCESSOR_DEFINITIONS = (
					"DEBUG=1",
					"$(inherited)",
				);
				GCC_WARN_64_TO_32_BIT_CONVERSION = YES;
				GCC_WARN_ABOUT_RETURN_TYPE = YES_ERROR;
				GCC_WARN_UNDECLARED_SELECTOR = YES;
				GCC_WARN_UNINITIALIZED_AUTOS = YES_AGGRESSIVE;
				GCC_WARN_UNUSED_FUNCTION = YES;
				GCC_WARN_UNUSED_VARIABLE = YES;
				IPHONEOS_DEPLOYMENT_TARGET = 13.2;
				MTL_ENABLE_DEBUG_INFO = INCLUDE_SOURCE;
				MTL_FAST_MATH = YES;
				ONLY_ACTIVE_ARCH = YES;
				SDKROOT = iphoneos;
				SWIFT_ACTIVE_COMPILATION_CONDITIONS = DEBUG;
				SWIFT_OPTIMIZATION_LEVEL = "-Onone";
			};
			name = Debug;
		};
		4182D6D2238AE6B100C45A45 /* Release */ = {
			isa = XCBuildConfiguration;
			buildSettings = {
				ALWAYS_SEARCH_USER_PATHS = NO;
				CLANG_ANALYZER_NONNULL = YES;
				CLANG_ANALYZER_NUMBER_OBJECT_CONVERSION = YES_AGGRESSIVE;
				CLANG_CXX_LANGUAGE_STANDARD = "gnu++14";
				CLANG_CXX_LIBRARY = "libc++";
				CLANG_ENABLE_MODULES = YES;
				CLANG_ENABLE_OBJC_ARC = YES;
				CLANG_ENABLE_OBJC_WEAK = YES;
				CLANG_WARN_BLOCK_CAPTURE_AUTORELEASING = YES;
				CLANG_WARN_BOOL_CONVERSION = YES;
				CLANG_WARN_COMMA = YES;
				CLANG_WARN_CONSTANT_CONVERSION = YES;
				CLANG_WARN_DEPRECATED_OBJC_IMPLEMENTATIONS = YES;
				CLANG_WARN_DIRECT_OBJC_ISA_USAGE = YES_ERROR;
				CLANG_WARN_DOCUMENTATION_COMMENTS = YES;
				CLANG_WARN_EMPTY_BODY = YES;
				CLANG_WARN_ENUM_CONVERSION = YES;
				CLANG_WARN_INFINITE_RECURSION = YES;
				CLANG_WARN_INT_CONVERSION = YES;
				CLANG_WARN_NON_LITERAL_NULL_CONVERSION = YES;
				CLANG_WARN_OBJC_IMPLICIT_RETAIN_SELF = YES;
				CLANG_WARN_OBJC_LITERAL_CONVERSION = YES;
				CLANG_WARN_OBJC_ROOT_CLASS = YES_ERROR;
				CLANG_WARN_RANGE_LOOP_ANALYSIS = YES;
				CLANG_WARN_STRICT_PROTOTYPES = YES;
				CLANG_WARN_SUSPICIOUS_MOVE = YES;
				CLANG_WARN_UNGUARDED_AVAILABILITY = YES_AGGRESSIVE;
				CLANG_WARN_UNREACHABLE_CODE = YES;
				CLANG_WARN__DUPLICATE_METHOD_MATCH = YES;
				COPY_PHASE_STRIP = NO;
				DEBUG_INFORMATION_FORMAT = "dwarf-with-dsym";
				ENABLE_NS_ASSERTIONS = NO;
				ENABLE_STRICT_OBJC_MSGSEND = YES;
				GCC_C_LANGUAGE_STANDARD = gnu11;
				GCC_NO_COMMON_BLOCKS = YES;
				GCC_WARN_64_TO_32_BIT_CONVERSION = YES;
				GCC_WARN_ABOUT_RETURN_TYPE = YES_ERROR;
				GCC_WARN_UNDECLARED_SELECTOR = YES;
				GCC_WARN_UNINITIALIZED_AUTOS = YES_AGGRESSIVE;
				GCC_WARN_UNUSED_FUNCTION = YES;
				GCC_WARN_UNUSED_VARIABLE = YES;
				IPHONEOS_DEPLOYMENT_TARGET = 13.2;
				MTL_ENABLE_DEBUG_INFO = NO;
				MTL_FAST_MATH = YES;
				SDKROOT = iphoneos;
				SWIFT_COMPILATION_MODE = wholemodule;
				SWIFT_OPTIMIZATION_LEVEL = "-O";
				VALIDATE_PRODUCT = YES;
			};
			name = Release;
		};
		4182D6D4238AE6B100C45A45 /* Debug */ = {
			isa = XCBuildConfiguration;
			buildSettings = {
				ASSETCATALOG_COMPILER_APPICON_NAME = AppIcon;
				CODE_SIGN_ENTITLEMENTS = "OTB/O T B.entitlements";
				CODE_SIGN_STYLE = Automatic;
				DERIVE_MACCATALYST_PRODUCT_BUNDLE_IDENTIFIER = YES;
				DEVELOPMENT_TEAM = SY6MR44QEP;
				INFOPLIST_FILE = OTB/Info.plist;
				IPHONEOS_DEPLOYMENT_TARGET = 13.0;
				LD_RUNPATH_SEARCH_PATHS = (
					"$(inherited)",
					"@executable_path/Frameworks",
				);
				PRODUCT_BUNDLE_IDENTIFIER = xyz.bolddev.OTB;
				PRODUCT_NAME = "O T B";
				SUPPORTS_MACCATALYST = YES;
				SWIFT_VERSION = 5.0;
				TARGETED_DEVICE_FAMILY = "1,2";
			};
			name = Debug;
		};
		4182D6D5238AE6B100C45A45 /* Release */ = {
			isa = XCBuildConfiguration;
			buildSettings = {
				ASSETCATALOG_COMPILER_APPICON_NAME = AppIcon;
				CODE_SIGN_ENTITLEMENTS = "OTB/O T B.entitlements";
				CODE_SIGN_STYLE = Automatic;
				DERIVE_MACCATALYST_PRODUCT_BUNDLE_IDENTIFIER = YES;
				DEVELOPMENT_TEAM = SY6MR44QEP;
				INFOPLIST_FILE = OTB/Info.plist;
				IPHONEOS_DEPLOYMENT_TARGET = 13.0;
				LD_RUNPATH_SEARCH_PATHS = (
					"$(inherited)",
					"@executable_path/Frameworks",
				);
				PRODUCT_BUNDLE_IDENTIFIER = xyz.bolddev.OTB;
				PRODUCT_NAME = "O T B";
				SUPPORTS_MACCATALYST = YES;
				SWIFT_VERSION = 5.0;
				TARGETED_DEVICE_FAMILY = "1,2";
			};
			name = Release;
		};
		4182D6D7238AE6B100C45A45 /* Debug */ = {
			isa = XCBuildConfiguration;
			buildSettings = {
				ALWAYS_EMBED_SWIFT_STANDARD_LIBRARIES = YES;
				BUNDLE_LOADER = "$(TEST_HOST)";
				CODE_SIGN_STYLE = Automatic;
				DEVELOPMENT_TEAM = SY6MR44QEP;
				INFOPLIST_FILE = OTBTests/Info.plist;
				IPHONEOS_DEPLOYMENT_TARGET = 13.2;
				LD_RUNPATH_SEARCH_PATHS = (
					"$(inherited)",
					"@executable_path/Frameworks",
					"@loader_path/Frameworks",
				);
				PRODUCT_BUNDLE_IDENTIFIER = xyz.bolddev.OTBTests;
				PRODUCT_NAME = "$(TARGET_NAME)";
				SWIFT_VERSION = 5.0;
				TARGETED_DEVICE_FAMILY = "1,2";
				TEST_HOST = "$(BUILT_PRODUCTS_DIR)/OTB.app/OTB";
			};
			name = Debug;
		};
		4182D6D8238AE6B100C45A45 /* Release */ = {
			isa = XCBuildConfiguration;
			buildSettings = {
				ALWAYS_EMBED_SWIFT_STANDARD_LIBRARIES = YES;
				BUNDLE_LOADER = "$(TEST_HOST)";
				CODE_SIGN_STYLE = Automatic;
				DEVELOPMENT_TEAM = SY6MR44QEP;
				INFOPLIST_FILE = OTBTests/Info.plist;
				IPHONEOS_DEPLOYMENT_TARGET = 13.2;
				LD_RUNPATH_SEARCH_PATHS = (
					"$(inherited)",
					"@executable_path/Frameworks",
					"@loader_path/Frameworks",
				);
				PRODUCT_BUNDLE_IDENTIFIER = xyz.bolddev.OTBTests;
				PRODUCT_NAME = "$(TARGET_NAME)";
				SWIFT_VERSION = 5.0;
				TARGETED_DEVICE_FAMILY = "1,2";
				TEST_HOST = "$(BUILT_PRODUCTS_DIR)/OTB.app/OTB";
			};
			name = Release;
		};
		4182D6DA238AE6B100C45A45 /* Debug */ = {
			isa = XCBuildConfiguration;
			buildSettings = {
				ALWAYS_EMBED_SWIFT_STANDARD_LIBRARIES = YES;
				CODE_SIGN_STYLE = Automatic;
				DEVELOPMENT_TEAM = SY6MR44QEP;
				INFOPLIST_FILE = OTBUITests/Info.plist;
				LD_RUNPATH_SEARCH_PATHS = (
					"$(inherited)",
					"@executable_path/Frameworks",
					"@loader_path/Frameworks",
				);
				PRODUCT_BUNDLE_IDENTIFIER = xyz.bolddev.OTBUITests;
				PRODUCT_NAME = "$(TARGET_NAME)";
				SWIFT_VERSION = 5.0;
				TARGETED_DEVICE_FAMILY = "1,2";
				TEST_TARGET_NAME = OTB;
			};
			name = Debug;
		};
		4182D6DB238AE6B100C45A45 /* Release */ = {
			isa = XCBuildConfiguration;
			buildSettings = {
				ALWAYS_EMBED_SWIFT_STANDARD_LIBRARIES = YES;
				CODE_SIGN_STYLE = Automatic;
				DEVELOPMENT_TEAM = SY6MR44QEP;
				INFOPLIST_FILE = OTBUITests/Info.plist;
				LD_RUNPATH_SEARCH_PATHS = (
					"$(inherited)",
					"@executable_path/Frameworks",
					"@loader_path/Frameworks",
				);
				PRODUCT_BUNDLE_IDENTIFIER = xyz.bolddev.OTBUITests;
				PRODUCT_NAME = "$(TARGET_NAME)";
				SWIFT_VERSION = 5.0;
				TARGETED_DEVICE_FAMILY = "1,2";
				TEST_TARGET_NAME = OTB;
			};
			name = Release;
		};
/* End XCBuildConfiguration section */

/* Begin XCConfigurationList section */
		4182D6A1238AE6AE00C45A45 /* Build configuration list for PBXProject "OTB" */ = {
			isa = XCConfigurationList;
			buildConfigurations = (
				4182D6D1238AE6B100C45A45 /* Debug */,
				4182D6D2238AE6B100C45A45 /* Release */,
			);
			defaultConfigurationIsVisible = 0;
			defaultConfigurationName = Release;
		};
		4182D6D3238AE6B100C45A45 /* Build configuration list for PBXNativeTarget "OTB" */ = {
			isa = XCConfigurationList;
			buildConfigurations = (
				4182D6D4238AE6B100C45A45 /* Debug */,
				4182D6D5238AE6B100C45A45 /* Release */,
			);
			defaultConfigurationIsVisible = 0;
			defaultConfigurationName = Release;
		};
		4182D6D6238AE6B100C45A45 /* Build configuration list for PBXNativeTarget "OTBTests" */ = {
			isa = XCConfigurationList;
			buildConfigurations = (
				4182D6D7238AE6B100C45A45 /* Debug */,
				4182D6D8238AE6B100C45A45 /* Release */,
			);
			defaultConfigurationIsVisible = 0;
			defaultConfigurationName = Release;
		};
		4182D6D9238AE6B100C45A45 /* Build configuration list for PBXNativeTarget "OTBUITests" */ = {
			isa = XCConfigurationList;
			buildConfigurations = (
				4182D6DA238AE6B100C45A45 /* Debug */,
				4182D6DB238AE6B100C45A45 /* Release */,
			);
			defaultConfigurationIsVisible = 0;
			defaultConfigurationName = Release;
		};
/* End XCConfigurationList section */

/* Begin XCVersionGroup section */
		4182D6B2238AE6AF00C45A45 /* OTB.xcdatamodeld */ = {
			isa = XCVersionGroup;
			children = (
				4182D6B3238AE6AF00C45A45 /* OTB.xcdatamodel */,
			);
			currentVersion = 4182D6B3238AE6AF00C45A45 /* OTB.xcdatamodel */;
			path = OTB.xcdatamodeld;
			sourceTree = "<group>";
			versionGroupType = wrapper.xcdatamodel;
		};
/* End XCVersionGroup section */
	};
	rootObject = 4182D69E238AE6AE00C45A45 /* Project object */;
}
